{
  "name": "bb-app",
  "lockfileVersion": 3,
  "requires": true,
  "packages": {
    "": {
      "name": "bb-app",
      "workspaces": [
        "packages/*"
      ],
      "devDependencies": {
        "@types/node": "^24.0.0",
        "typescript": "^5.7.0"
      },
      "engines": {
        "node": ">=24"
      }
    },
    "node_modules/@bb-app/aggregate": {
      "resolved": "packages/aggregate",
      "link": true
    },
    "node_modules/@bb-app/archiver": {
      "resolved": "packages/archiver",
      "link": true
    },
    "node_modules/@bb-app/domain": {
      "resolved": "packages/domain",
      "link": true
    },
    "node_modules/@bb-app/metrics": {
      "resolved": "packages/metrics",
      "link": true
    },
    "node_modules/@bb-app/parser": {
      "resolved": "packages/parser",
      "link": true
    },
    "node_modules/@bb-app/store": {
      "resolved": "packages/store",
      "link": true
    },
    "node_modules/@types/node": {
      "version": "24.13.3",
      "resolved": "https://registry.npmjs.org/@types/node/-/node-24.13.3.tgz",
      "integrity": "sha512-Dh8vAsV36ig5wa9OX4pXvMc9D3Veibfw2wix0CUwYODLD8nkj9UsLjASr49nPg+2eKzxhBV+v7L8pXvT4e639Q==",
      "dev": true,
      "license": "MIT",
      "dependencies": {
        "undici-types": "~7.18.0"
      }
    },
    "node_modules/typescript": {
      "version": "5.9.3",
      "resolved": "https://registry.npmjs.org/typescript/-/typescript-5.9.3.tgz",
      "integrity": "sha512-jl1vZzPDinLr9eUt3J/t7V6FgNEw9QjvBPdysz9KfQDD41fQrC2Y4vKQdiaUpFT4bXlb1RHhLpp8wtm6M5TgSw==",
      "dev": true,
      "license": "Apache-2.0",
      "bin": {
        "tsc": "bin/tsc",
        "tsserver": "bin/tsserver"
      },
      "engines": {
        "node": ">=14.17"
      }
    },
    "node_modules/undici-types": {
      "version": "7.18.2",
      "resolved": "https://registry.npmjs.org/undici-types/-/undici-types-7.18.2.tgz",
      "integrity": "sha512-AsuCzffGHJybSaRrmr5eHr81mwJU3kjw6M+uprWvCXiNeN9SOGwQ3Jn8jb8m3Z6izVgknn1R0FTCEAP2QrLY/w==",
      "dev": true,
      "license": "MIT"
    },
    "packages/aggregate": {
      "name": "@bb-app/aggregate"
    },
    "packages/archiver": {
      "name": "@bb-app/archiver"
    },
    "packages/domain": {
      "name": "@bb-app/domain"
    },
    "packages/metrics": {
      "name": "@bb-app/metrics"
    },
    "packages/parser": {
      "name": "@bb-app/parser"
    },
    "packages/store": {
      "name": "@bb-app/store"
    }
  }
}
